# This file is automatically @generated by Cargo.
# It is not intended for manual editing.
version = 4

[[package]]
name = "turnvector-core"
version = "0.1.0"

[[package]]
name = "turnvector-daemon"
version = "0.1.0"
dependencies = [
 "turnvector-core",
]

[[package]]
name = "turnvector-protocol"
version = "0.1.0"
